
Microsoft Visual Studio Solution File, Format Version 12.00
# Visual Studio Version 16
VisualStudioVersion = 16.0.30011.22
MinimumVisualStudioVersion = 10.0.40219.1
Project("{FAE04EC0-301F-11D3-BF4B-00C04F79EFBC}") = "Wordy", "Wordy\Wordy.csproj", "{F53A7D74-CB29-444D-81EC-FCDAF3C911AF}"
EndProject
Global
	GlobalSection(SolutionConfigurationPlatforms) = preSolution
		Debug|Any CPU = Debug|Any CPU
		Release|Any CPU = Release|Any CPU
	EndGlobalSection
	GlobalSection(ProjectConfigurationPlatforms) = postSolution
		{F53A7D74-CB29-444D-81EC-FCDAF3C911AF}.Debug|Any CPU.ActiveCfg = Debug|Any CPU
		{F53A7D74-CB29-444D-81EC-FCDAF3C911AF}.Debug|Any CPU.Build.0 = Debug|Any CPU
		{F53A7D74-CB29-444D-81EC-FCDAF3C911AF}.Release|Any CPU.ActiveCfg = Release|Any CPU
		{F53A7D74-CB29-444D-81EC-FCDAF3C911AF}.Release|Any CPU.Build.0 = Release|Any CPU
	EndGlobalSection
	GlobalSection(SolutionProperties) = preSolution
		HideSolutionNode = FALSE
	EndGlobalSection
	GlobalSection(ExtensibilityGlobals) = postSolution
		SolutionGuid = {DB67F8D3-903E-4429-B2C0-79E59AADB1E6}
	EndGlobalSection
EndGlobal
